
Microsoft Visual Studio Solution File, Format Version 12.00
# Visual Studio Version 17
VisualStudioVersion = 17.2.32602.215
MinimumVisualStudioVersion = 10.0.40219.1
Project("{FAE04EC0-301F-11D3-BF4B-00C04F79EFBC}") = "PSS_WebAPI", "PSS_WebAPI\PSS_WebAPI.csproj", "{98DCCC35-31D7-4D98-B4BD-B3BC0A791517}"
EndProject
Project("{FAE04EC0-301F-11D3-BF4B-00C04F79EFBC}") = "PSS_WebAPI.Tests", "PSS_WebAPI.Tests\PSS_WebAPI.Tests.csproj", "{516E78D5-63A7-411E-87BA-6459EEA53758}"
EndProject
Project("{FAE04EC0-301F-11D3-BF4B-00C04F79EFBC}") = "Insight.PermissionsDealer", "Insight.PermissionsDealer\Insight.PermissionsDealer.csproj", "{37DECAA7-7E71-489A-8BE6-08101256838B}"
EndProject
Project("{FAE04EC0-301F-11D3-BF4B-00C04F79EFBC}") = "Insight.PermissionsDealer.Tests", "Insight.PermissionsDealer.Tests\Insight.PermissionsDealer.Tests.csproj", "{81997589-060B-4BA7-AFFA-2F7F25CE42DE}"
EndProject
Project("{2150E333-8FDC-42A3-9474-1A3956D46DE8}") = "Tests", "Tests", "{690E5D85-6899-4109-BAC2-C0308D044C1A}"
EndProject
Global
	GlobalSection(SolutionConfigurationPlatforms) = preSolution
		Debug|Any CPU = Debug|Any CPU
		Release|Any CPU = Release|Any CPU
	EndGlobalSection
	GlobalSection(ProjectConfigurationPlatforms) = postSolution
		{98DCCC35-31D7-4D98-B4BD-B3BC0A791517}.Debug|Any CPU.ActiveCfg = Debug|Any CPU
		{98DCCC35-31D7-4D98-B4BD-B3BC0A791517}.Debug|Any CPU.Build.0 = Debug|Any CPU
		{98DCCC35-31D7-4D98-B4BD-B3BC0A791517}.Release|Any CPU.ActiveCfg = Release|Any CPU
		{98DCCC35-31D7-4D98-B4BD-B3BC0A791517}.Release|Any CPU.Build.0 = Release|Any CPU
		{516E78D5-63A7-411E-87BA-6459EEA53758}.Debug|Any CPU.ActiveCfg = Debug|Any CPU
		{516E78D5-63A7-411E-87BA-6459EEA53758}.Debug|Any CPU.Build.0 = Debug|Any CPU
		{516E78D5-63A7-411E-87BA-6459EEA53758}.Release|Any CPU.ActiveCfg = Release|Any CPU
		{516E78D5-63A7-411E-87BA-6459EEA53758}.Release|Any CPU.Build.0 = Release|Any CPU
		{37DECAA7-7E71-489A-8BE6-08101256838B}.Debug|Any CPU.ActiveCfg = Debug|Any CPU
		{37DECAA7-7E71-489A-8BE6-08101256838B}.Debug|Any CPU.Build.0 = Debug|Any CPU
		{37DECAA7-7E71-489A-8BE6-08101256838B}.Release|Any CPU.ActiveCfg = Release|Any CPU
		{37DECAA7-7E71-489A-8BE6-08101256838B}.Release|Any CPU.Build.0 = Release|Any CPU
		{81997589-060B-4BA7-AFFA-2F7F25CE42DE}.Debug|Any CPU.ActiveCfg = Debug|Any CPU
		{81997589-060B-4BA7-AFFA-2F7F25CE42DE}.Debug|Any CPU.Build.0 = Debug|Any CPU
		{81997589-060B-4BA7-AFFA-2F7F25CE42DE}.Release|Any CPU.ActiveCfg = Release|Any CPU
		{81997589-060B-4BA7-AFFA-2F7F25CE42DE}.Release|Any CPU.Build.0 = Release|Any CPU
	EndGlobalSection
	GlobalSection(SolutionProperties) = preSolution
		HideSolutionNode = FALSE
	EndGlobalSection
	GlobalSection(NestedProjects) = preSolution
		{516E78D5-63A7-411E-87BA-6459EEA53758} = {690E5D85-6899-4109-BAC2-C0308D044C1A}
		{81997589-060B-4BA7-AFFA-2F7F25CE42DE} = {690E5D85-6899-4109-BAC2-C0308D044C1A}
	EndGlobalSection
	GlobalSection(ExtensibilityGlobals) = postSolution
		SolutionGuid = {73F76043-C48E-44E2-9CCC-52E539E25545}
	EndGlobalSection
EndGlobal
